
Microsoft Visual Studio Solution File, Format Version 12.00
# Visual Studio Version 17
VisualStudioVersion = 17.6.33829.357
MinimumVisualStudioVersion = 10.0.40219.1
Project("{2150E333-8FDC-42A3-9474-1A3956D46DE8}") = "01.WebMvc", "01.WebMvc", "{410FB4AA-E33B-42F9-9F86-8E1A359D69A7}"
EndProject
Project("{2150E333-8FDC-42A3-9474-1A3956D46DE8}") = "02.Service", "02.Service", "{F060BAC8-0B75-4A54-AC99-39997D072A1B}"
EndProject
Project("{2150E333-8FDC-42A3-9474-1A3956D46DE8}") = "03.Models", "03.Models", "{DCB2E9B5-CD59-4EF3-B7C5-73385F8F8C7B}"
EndProject
Project("{FAE04EC0-301F-11D3-BF4B-00C04F79EFBC}") = "Factoring.Service", "..\src\Factoring.Service\Factoring.Service.csproj", "{574EEFE4-FA9C-449A-9238-ED44328D099E}"
EndProject
Project("{FAE04EC0-301F-11D3-BF4B-00C04F79EFBC}") = "Factoring.Model", "..\src\Factoring.Model\Factoring.Model.csproj", "{A68B4318-B961-4F7F-8EA1-A56A1BF808D9}"
EndProject
Project("{FAE04EC0-301F-11D3-BF4B-00C04F79EFBC}") = "Factoring.WebMvc", "..\src\Factoring.WebMvc\Factoring.WebMvc.csproj", "{D32D2EE3-B818-4F41-B3F9-4D8743383BA3}"
EndProject
Global
	GlobalSection(SolutionConfigurationPlatforms) = preSolution
		Debug|Any CPU = Debug|Any CPU
		Release|Any CPU = Release|Any CPU
	EndGlobalSection
	GlobalSection(ProjectConfigurationPlatforms) = postSolution
		{574EEFE4-FA9C-449A-9238-ED44328D099E}.Debug|Any CPU.ActiveCfg = Debug|Any CPU
		{574EEFE4-FA9C-449A-9238-ED44328D099E}.Debug|Any CPU.Build.0 = Debug|Any CPU
		{574EEFE4-FA9C-449A-9238-ED44328D099E}.Release|Any CPU.ActiveCfg = Release|Any CPU
		{574EEFE4-FA9C-449A-9238-ED44328D099E}.Release|Any CPU.Build.0 = Release|Any CPU
		{A68B4318-B961-4F7F-8EA1-A56A1BF808D9}.Debug|Any CPU.ActiveCfg = Debug|Any CPU
		{A68B4318-B961-4F7F-8EA1-A56A1BF808D9}.Debug|Any CPU.Build.0 = Debug|Any CPU
		{A68B4318-B961-4F7F-8EA1-A56A1BF808D9}.Release|Any CPU.ActiveCfg = Release|Any CPU
		{A68B4318-B961-4F7F-8EA1-A56A1BF808D9}.Release|Any CPU.Build.0 = Release|Any CPU
		{D32D2EE3-B818-4F41-B3F9-4D8743383BA3}.Debug|Any CPU.ActiveCfg = Debug|Any CPU
		{D32D2EE3-B818-4F41-B3F9-4D8743383BA3}.Debug|Any CPU.Build.0 = Debug|Any CPU
		{D32D2EE3-B818-4F41-B3F9-4D8743383BA3}.Release|Any CPU.ActiveCfg = Release|Any CPU
		{D32D2EE3-B818-4F41-B3F9-4D8743383BA3}.Release|Any CPU.Build.0 = Release|Any CPU
	EndGlobalSection
	GlobalSection(SolutionProperties) = preSolution
		HideSolutionNode = FALSE
	EndGlobalSection
	GlobalSection(NestedProjects) = preSolution
		{574EEFE4-FA9C-449A-9238-ED44328D099E} = {F060BAC8-0B75-4A54-AC99-39997D072A1B}
		{A68B4318-B961-4F7F-8EA1-A56A1BF808D9} = {DCB2E9B5-CD59-4EF3-B7C5-73385F8F8C7B}
		{D32D2EE3-B818-4F41-B3F9-4D8743383BA3} = {410FB4AA-E33B-42F9-9F86-8E1A359D69A7}
	EndGlobalSection
	GlobalSection(ExtensibilityGlobals) = postSolution
		SolutionGuid = {288F166F-F4C6-4603-8DFC-F7C0265ABD0D}
	EndGlobalSection
EndGlobal
